
Microsoft Visual Studio Solution File, Format Version 12.00
# Visual Studio 15
VisualStudioVersion = 15.0.28307.572
MinimumVisualStudioVersion = 10.0.40219.1
Project("{FAE04EC0-301F-11D3-BF4B-00C04F79EFBC}") = "RigidBodyRhino", "RigidBodyRhino\RigidBodyRhino.csproj", "{C1188C89-22C7-4BAE-9B3E-E4DEDC4C0023}"
EndProject
Project("{FAE04EC0-301F-11D3-BF4B-00C04F79EFBC}") = "Jitter", "..\HelloRhinoCommon\Jitter\Jitter.csproj", "{AA03EF1A-94F7-4D30-AB14-2092863FF923}"
EndProject
Global
	GlobalSection(SolutionConfigurationPlatforms) = preSolution
		Debug|Any CPU = Debug|Any CPU
		Release|Any CPU = Release|Any CPU
	EndGlobalSection
	GlobalSection(ProjectConfigurationPlatforms) = postSolution
		{C1188C89-22C7-4BAE-9B3E-E4DEDC4C0023}.Debug|Any CPU.ActiveCfg = Debug|Any CPU
		{C1188C89-22C7-4BAE-9B3E-E4DEDC4C0023}.Debug|Any CPU.Build.0 = Debug|Any CPU
		{C1188C89-22C7-4BAE-9B3E-E4DEDC4C0023}.Release|Any CPU.ActiveCfg = Release|Any CPU
		{C1188C89-22C7-4BAE-9B3E-E4DEDC4C0023}.Release|Any CPU.Build.0 = Release|Any CPU
		{AA03EF1A-94F7-4D30-AB14-2092863FF923}.Debug|Any CPU.ActiveCfg = Debug|Any CPU
		{AA03EF1A-94F7-4D30-AB14-2092863FF923}.Debug|Any CPU.Build.0 = Debug|Any CPU
		{AA03EF1A-94F7-4D30-AB14-2092863FF923}.Release|Any CPU.ActiveCfg = Release|Any CPU
		{AA03EF1A-94F7-4D30-AB14-2092863FF923}.Release|Any CPU.Build.0 = Release|Any CPU
	EndGlobalSection
	GlobalSection(SolutionProperties) = preSolution
		HideSolutionNode = FALSE
	EndGlobalSection
	GlobalSection(ExtensibilityGlobals) = postSolution
		SolutionGuid = {C9C59E53-A527-4CFA-93B6-6D6E393C4458}
	EndGlobalSection
EndGlobal
